
Microsoft Visual Studio Solution File, Format Version 12.00
# Blend for Visual Studio Version 17
VisualStudioVersion = 17.3.32611.2
MinimumVisualStudioVersion = 10.0.40219.1
Project("{FAE04EC0-301F-11D3-BF4B-00C04F79EFBC}") = "WpfPractice", "WpfPractice\WpfPractice.csproj", "{CF5DACE2-A600-4C71-B485-0FE947D08F2F}"
EndProject
Global
	GlobalSection(SolutionConfigurationPlatforms) = preSolution
		Debug|Any CPU = Debug|Any CPU
		Release|Any CPU = Release|Any CPU
	EndGlobalSection
	GlobalSection(ProjectConfigurationPlatforms) = postSolution
		{CF5DACE2-A600-4C71-B485-0FE947D08F2F}.Debug|Any CPU.ActiveCfg = Debug|Any CPU
		{CF5DACE2-A600-4C71-B485-0FE947D08F2F}.Debug|Any CPU.Build.0 = Debug|Any CPU
		{CF5DACE2-A600-4C71-B485-0FE947D08F2F}.Release|Any CPU.ActiveCfg = Release|Any CPU
		{CF5DACE2-A600-4C71-B485-0FE947D08F2F}.Release|Any CPU.Build.0 = Release|Any CPU
	EndGlobalSection
	GlobalSection(SolutionProperties) = preSolution
		HideSolutionNode = FALSE
	EndGlobalSection
	GlobalSection(ExtensibilityGlobals) = postSolution
		SolutionGuid = {178D1B7A-A5B9-4051-AE0F-89F5C2198A92}
	EndGlobalSection
EndGlobal
